{
    "name": "color",
    "version": "0.1.0",
    "lockfileVersion": 1,
    "requires": true,
    "dependencies": {
        "@david.harwardt/math": {
            "version": "0.1.1",
            "resolved": "https://registry.npmjs.org/@david.harwardt/math/-/math-0.1.1.tgz",
            "integrity": "sha512-qXB4eu+SNI3GYG73k1fduEL39o4Q5pq7ZW40VFl8qRi9aCbmmcT0H+yR6K3luWiR6gGHQiTdeXxpV0DiYtmQ8Q=="
        },
        "typescript": {
            "version": "4.8.3",
            "resolved": "https://registry.npmjs.org/typescript/-/typescript-4.8.3.tgz",
            "integrity": "sha512-goMHfm00nWPa8UvR/CPSvykqf6dVV8x/dp0c5mFTMTIu0u0FlGWRioyy7Nn0PGAdHxpJZnuO/ut+PpQ8UiHAig==",
            "dev": true
        }
    }
}
